
Microsoft Visual Studio Solution File, Format Version 12.00
# Visual Studio Version 17
VisualStudioVersion = 17.4.33213.308
MinimumVisualStudioVersion = 10.0.40219.1
Project("{FAE04EC0-301F-11D3-BF4B-00C04F79EFBC}") = "JCD1.4.3", "JCD1.4.3.csproj", "{0EA87A9C-08E7-410D-B64E-A3FAF6466109}"
EndProject
Global
	GlobalSection(SolutionConfigurationPlatforms) = preSolution
		Debug|Any CPU = Debug|Any CPU
		Release|Any CPU = Release|Any CPU
	EndGlobalSection
	GlobalSection(ProjectConfigurationPlatforms) = postSolution
		{0EA87A9C-08E7-410D-B64E-A3FAF6466109}.Debug|Any CPU.ActiveCfg = Debug|Any CPU
		{0EA87A9C-08E7-410D-B64E-A3FAF6466109}.Debug|Any CPU.Build.0 = Debug|Any CPU
		{0EA87A9C-08E7-410D-B64E-A3FAF6466109}.Release|Any CPU.ActiveCfg = Release|Any CPU
		{0EA87A9C-08E7-410D-B64E-A3FAF6466109}.Release|Any CPU.Build.0 = Release|Any CPU
	EndGlobalSection
	GlobalSection(SolutionProperties) = preSolution
		HideSolutionNode = FALSE
	EndGlobalSection
	GlobalSection(ExtensibilityGlobals) = postSolution
		SolutionGuid = {8C32FB39-3B0E-4227-B493-D9DE3E919A55}
	EndGlobalSection
EndGlobal
